// !$*UTF8*$!
{
	archiveVersion = 1;
	classes = {
	};
	objectVersion = 46;
	objects = {

/* Begin PBXBuildFile section */
		F3A8F67B1A9307210024C081 /* AppDelegate.swift in Sources */ = {isa = PBXBuildFile; fileRef = F3A8F67A1A9307210024C081 /* AppDelegate.swift */; };
		F3A8F67D1A9307210024C081 /* ViewController.swift in Sources */ = {isa = PBXBuildFile; fileRef = F3A8F67C1A9307210024C081 /* ViewController.swift */; };
		F3A8F6801A9307210024C081 /* Main.storyboard in Resources */ = {isa = PBXBuildFile; fileRef = F3A8F67E1A9307210024C081 /* Main.storyboard */; };
		F3A8F6821A9307210024C081 /* Images.xcassets in Resources */ = {isa = PBXBuildFile; fileRef = F3A8F6811A9307210024C081 /* Images.xcassets */; };
		F3A8F6851A9307210024C081 /* LaunchScreen.xib in Resources */ = {isa = PBXBuildFile; fileRef = F3A8F6831A9307210024C081 /* LaunchScreen.xib */; };
		F3A8F6911A9307210024C081 /* fake_mailboxTests.swift in Sources */ = {isa = PBXBuildFile; fileRef = F3A8F6901A9307210024C081 /* fake_mailboxTests.swift */; };
/* End PBXBuildFile section */

/* Begin PBXContainerItemProxy section */
		F3A8F68B1A9307210024C081 /* PBXContainerItemProxy */ = {
			isa = PBXContainerItemProxy;
			containerPortal = F3A8F66D1A9307210024C081 /* Project object */;
			proxyType = 1;
			remoteGlobalIDString = F3A8F6741A9307210024C081;
			remoteInfo = "fake-mailbox";
		};
/* End PBXContainerItemProxy section */

/* Begin PBXFileReference section */
		F3A8F6751A9307210024C081 /* fake-mailbox.app */ = {isa = PBXFileReference; explicitFileType = wrapper.application; includeInIndex = 0; path = "fake-mailbox.app"; sourceTree = BUILT_PRODUCTS_DIR; };
		F3A8F6791A9307210024C081 /* Info.plist */ = {isa = PBXFileReference; lastKnownFileType = text.plist.xml; path = Info.plist; sourceTree = "<group>"; };
		F3A8F67A1A9307210024C081 /* AppDelegate.swift */ = {isa = PBXFileReference; lastKnownFileType = sourcecode.swift; path = AppDelegate.swift; sourceTree = "<group>"; };
		F3A8F67C1A9307210024C081 /* ViewController.swift */ = {isa = PBXFileReference; lastKnownFileType = sourcecode.swift; path = ViewController.swift; sourceTree = "<group>"; };
		F3A8F67F1A9307210024C081 /* Base */ = {isa = PBXFileReference; lastKnownFileType = file.storyboard; name = Base; path = Base.lproj/Main.storyboard; sourceTree = "<group>"; };
		F3A8F6811A9307210024C081 /* Images.xcassets */ = {isa = PBXFileReference; lastKnownFileType = folder.assetcatalog; path = Images.xcassets; sourceTree = "<group>"; };
		F3A8F6841A9307210024C081 /* Base */ = {isa = PBXFileReference; lastKnownFileType = file.xib; name = Base; path = Base.lproj/LaunchScreen.xib; sourceTree = "<group>"; };
		F3A8F68A1A9307210024C081 /* fake-mailboxTests.xctest */ = {isa = PBXFileReference; explicitFileType = wrapper.cfbundle; includeInIndex = 0; path = "fake-mailboxTests.xctest"; sourceTree = BUILT_PRODUCTS_DIR; };
		F3A8F68F1A9307210024C081 /* Info.plist */ = {isa = PBXFileReference; lastKnownFileType = text.plist.xml; path = Info.plist; sourceTree = "<group>"; };
		F3A8F6901A9307210024C081 /* fake_mailboxTests.swift */ = {isa = PBXFileReference; lastKnownFileType = sourcecode.swift; path = fake_mailboxTests.swift; sourceTree = "<group>"; };
/* End PBXFileReference section */

/* Begin PBXFrameworksBuildPhase section */
		F3A8F6721A9307210024C081 /* Frameworks */ = {
			isa = PBXFrameworksBuildPhase;
			buildActionMask = 2147483647;
			files = (
			);
			runOnlyForDeploymentPostprocessing = 0;
		};
		F3A8F6871A9307210024C081 /* Frameworks */ = {
			isa = PBXFrameworksBuildPhase;
			buildActionMask = 2147483647;
			files = (
			);
			runOnlyForDeploymentPostprocessing = 0;
		};
/* End PBXFrameworksBuildPhase section */

/* Begin PBXGroup section */
		F3A8F66C1A9307210024C081 = {
			isa = PBXGroup;
			children = (
				F3A8F6771A9307210024C081 /* fake-mailbox */,
				F3A8F68D1A9307210024C081 /* fake-mailboxTests */,
				F3A8F6761A9307210024C081 /* Products */,
			);
			sourceTree = "<group>";
		};
		F3A8F6761A9307210024C081 /* Products */ = {
			isa = PBXGroup;
			children = (
				F3A8F6751A9307210024C081 /* fake-mailbox.app */,
				F3A8F68A1A9307210024C081 /* fake-mailboxTests.xctest */,
			);
			name = Products;
			sourceTree = "<group>";
		};
		F3A8F6771A9307210024C081 /* fake-mailbox */ = {
			isa = PBXGroup;
			children = (
				F3A8F67A1A9307210024C081 /* AppDelegate.swift */,
				F3A8F67C1A9307210024C081 /* ViewController.swift */,
				F3A8F67E1A9307210024C081 /* Main.storyboard */,
				F3A8F6811A9307210024C081 /* Images.xcassets */,
				F3A8F6831A9307210024C081 /* LaunchScreen.xib */,
				F3A8F6781A9307210024C081 /* Supporting Files */,
			);
			path = "fake-mailbox";
			sourceTree = "<group>";
		};
		F3A8F6781A9307210024C081 /* Supporting Files */ = {
			isa = PBXGroup;
			children = (
				F3A8F6791A9307210024C081 /* Info.plist */,
			);
			name = "Supporting Files";
			sourceTree = "<group>";
		};
		F3A8F68D1A9307210024C081 /* fake-mailboxTests */ = {
			isa = PBXGroup;
			children = (
				F3A8F6901A9307210024C081 /* fake_mailboxTests.swift */,
				F3A8F68E1A9307210024C081 /* Supporting Files */,
			);
			path = "fake-mailboxTests";
			sourceTree = "<group>";
		};
		F3A8F68E1A9307210024C081 /* Supporting Files */ = {
			isa = PBXGroup;
			children = (
				F3A8F68F1A9307210024C081 /* Info.plist */,
			);
			name = "Supporting Files";
			sourceTree = "<group>";
		};
/* End PBXGroup section */

/* Begin PBXNativeTarget section */
		F3A8F6741A9307210024C081 /* fake-mailbox */ = {
			isa = PBXNativeTarget;
			buildConfigurationList = F3A8F6941A9307210024C081 /* Build configuration list for PBXNativeTarget "fake-mailbox" */;
			buildPhases = (
				F3A8F6711A9307210024C081 /* Sources */,
				F3A8F6721A9307210024C081 /* Frameworks */,
				F3A8F6731A9307210024C081 /* Resources */,
			);
			buildRules = (
			);
			dependencies = (
			);
			name = "fake-mailbox";
			productName = "fake-mailbox";
			productReference = F3A8F6751A9307210024C081 /* fake-mailbox.app */;
			productType = "com.apple.product-type.application";
		};
		F3A8F6891A9307210024C081 /* fake-mailboxTests */ = {
			isa = PBXNativeTarget;
			buildConfigurationList = F3A8F6971A9307210024C081 /* Build configuration list for PBXNativeTarget "fake-mailboxTests" */;
			buildPhases = (
				F3A8F6861A9307210024C081 /* Sources */,
				F3A8F6871A9307210024C081 /* Frameworks */,
				F3A8F6881A9307210024C081 /* Resources */,
			);
			buildRules = (
			);
			dependencies = (
				F3A8F68C1A9307210024C081 /* PBXTargetDependency */,
			);
			name = "fake-mailboxTests";
			productName = "fake-mailboxTests";
			productReference = F3A8F68A1A9307210024C081 /* fake-mailboxTests.xctest */;
			productType = "com.apple.product-type.bundle.unit-test";
		};
/* End PBXNativeTarget section */

/* Begin PBXProject section */
		F3A8F66D1A9307210024C081 /* Project object */ = {
			isa = PBXProject;
			attributes = {
				LastUpgradeCheck = 0610;
				ORGANIZATIONNAME = edchao;
				TargetAttributes = {
					F3A8F6741A9307210024C081 = {
						CreatedOnToolsVersion = 6.1.1;
					};
					F3A8F6891A9307210024C081 = {
						CreatedOnToolsVersion = 6.1.1;
						TestTargetID = F3A8F6741A9307210024C081;
					};
				};
			};
			buildConfigurationList = F3A8F6701A9307210024C081 /* Build configuration list for PBXProject "fake-mailbox" */;
			compatibilityVersion = "Xcode 3.2";
			developmentRegion = English;
			hasScannedForEncodings = 0;
			knownRegions = (
				en,
				Base,
			);
			mainGroup = F3A8F66C1A9307210024C081;
			productRefGroup = F3A8F6761A9307210024C081 /* Products */;
			projectDirPath = "";
			projectRoot = "";
			targets = (
				F3A8F6741A9307210024C081 /* fake-mailbox */,
				F3A8F6891A9307210024C081 /* fake-mailboxTests */,
			);
		};
/* End PBXProject section */

/* Begin PBXResourcesBuildPhase section */
		F3A8F6731A9307210024C081 /* Resources */ = {
			isa = PBXResourcesBuildPhase;
			buildActionMask = 2147483647;
			files = (
				F3A8F6801A9307210024C081 /* Main.storyboard in Resources */,
				F3A8F6851A9307210024C081 /* LaunchScreen.xib in Resources */,
				F3A8F6821A9307210024C081 /* Images.xcassets in Resources */,
			);
			runOnlyForDeploymentPostprocessing = 0;
		};
		F3A8F6881A9307210024C081 /* Resources */ = {
			isa = PBXResourcesBuildPhase;
			buildActionMask = 2147483647;
			files = (
			);
			runOnlyForDeploymentPostprocessing = 0;
		};
/* End PBXResourcesBuildPhase section */

/* Begin PBXSourcesBuildPhase section */
		F3A8F6711A9307210024C081 /* Sources */ = {
			isa = PBXSourcesBuildPhase;
			buildActionMask = 2147483647;
			files = (
				F3A8F67D1A9307210024C081 /* ViewController.swift in Sources */,
				F3A8F67B1A9307210024C081 /* AppDelegate.swift in Sources */,
			);
			runOnlyForDeploymentPostprocessing = 0;
		};
		F3A8F6861A9307210024C081 /* Sources */ = {
			isa = PBXSourcesBuildPhase;
			buildActionMask = 2147483647;
			files = (
				F3A8F6911A9307210024C081 /* fake_mailboxTests.swift in Sources */,
			);
			runOnlyForDeploymentPostprocessing = 0;
		};
/* End PBXSourcesBuildPhase section */

/* Begin PBXTargetDependency section */
		F3A8F68C1A9307210024C081 /* PBXTargetDependency */ = {
			isa = PBXTargetDependency;
			target = F3A8F6741A9307210024C081 /* fake-mailbox */;
			targetProxy = F3A8F68B1A9307210024C081 /* PBXContainerItemProxy */;
		};
/* End PBXTargetDependency section */

/* Begin PBXVariantGroup section */
		F3A8F67E1A9307210024C081 /* Main.storyboard */ = {
			isa = PBXVariantGroup;
			children = (
				F3A8F67F1A9307210024C081 /* Base */,
			);
			name = Main.storyboard;
			sourceTree = "<group>";
		};
		F3A8F6831A9307210024C081 /* LaunchScreen.xib */ = {
			isa = PBXVariantGroup;
			children = (
				F3A8F6841A9307210024C081 /* Base */,
			);
			name = LaunchScreen.xib;
			sourceTree = "<group>";
		};
/* End PBXVariantGroup section */

/* Begin XCBuildConfiguration section */
		F3A8F6921A9307210024C081 /* Debug */ = {
			isa = XCBuildConfiguration;
			buildSettings = {
				ALWAYS_SEARCH_USER_PATHS = NO;
				CLANG_CXX_LANGUAGE_STANDARD = "gnu++0x";
				CLANG_CXX_LIBRARY = "libc++";
				CLANG_ENABLE_MODULES = YES;
				CLANG_ENABLE_OBJC_ARC = YES;
				CLANG_WARN_BOOL_CONVERSION = YES;
				CLANG_WARN_CONSTANT_CONVERSION = YES;
				CLANG_WARN_DIRECT_OBJC_ISA_USAGE = YES_ERROR;
				CLANG_WARN_EMPTY_BODY = YES;
				CLANG_WARN_ENUM_CONVERSION = YES;
				CLANG_WARN_INT_CONVERSION = YES;
				CLANG_WARN_OBJC_ROOT_CLASS = YES_ERROR;
				CLANG_WARN_UNREACHABLE_CODE = YES;
				CLANG_WARN__DUPLICATE_METHOD_MATCH = YES;
				"CODE_SIGN_IDENTITY[sdk=iphoneos*]" = "iPhone Developer";
				COPY_PHASE_STRIP = NO;
				ENABLE_STRICT_OBJC_MSGSEND = YES;
				GCC_C_LANGUAGE_STANDARD = gnu99;
				GCC_DYNAMIC_NO_PIC = NO;
				GCC_OPTIMIZATION_LEVEL = 0;
				GCC_PREPROCESSOR_DEFINITIONS = (
					"DEBUG=1",
					"$(inherited)",
				);
				GCC_SYMBOLS_PRIVATE_EXTERN = NO;
				GCC_WARN_64_TO_32_BIT_CONVERSION = YES;
				GCC_WARN_ABOUT_RETURN_TYPE = YES_ERROR;
				GCC_WARN_UNDECLARED_SELECTOR = YES;
				GCC_WARN_UNINITIALIZED_AUTOS = YES_AGGRESSIVE;
				GCC_WARN_UNUSED_FUNCTION = YES;
				GCC_WARN_UNUSED_VARIABLE = YES;
				IPHONEOS_DEPLOYMENT_TARGET = 8.1;
				MTL_ENABLE_DEBUG_INFO = YES;
				ONLY_ACTIVE_ARCH = YES;
				SDKROOT = iphoneos;
				SWIFT_OPTIMIZATION_LEVEL = "-Onone";
			};
			name = Debug;
		};
		F3A8F6931A9307210024C081 /* Release */ = {
			isa = XCBuildConfiguration;
			buildSettings = {
				ALWAYS_SEARCH_USER_PATHS = NO;
				CLANG_CXX_LANGUAGE_STANDARD = "gnu++0x";
				CLANG_CXX_LIBRARY = "libc++";
				CLANG_ENABLE_MODULES = YES;
				CLANG_ENABLE_OBJC_ARC = YES;
				CLANG_WARN_BOOL_CONVERSION = YES;
				CLANG_WARN_CONSTANT_CONVERSION = YES;
				CLANG_WARN_DIRECT_OBJC_ISA_USAGE = YES_ERROR;
				CLANG_WARN_EMPTY_BODY = YES;
				CLANG_WARN_ENUM_CONVERSION = YES;
				CLANG_WARN_INT_CONVERSION = YES;
				CLANG_WARN_OBJC_ROOT_CLASS = YES_ERROR;
				CLANG_WARN_UNREACHABLE_CODE = YES;
				CLANG_WARN__DUPLICATE_METHOD_MATCH = YES;
				"CODE_SIGN_IDENTITY[sdk=iphoneos*]" = "iPhone Developer";
				COPY_PHASE_STRIP = YES;
				ENABLE_NS_ASSERTIONS = NO;
				ENABLE_STRICT_OBJC_MSGSEND = YES;
				GCC_C_LANGUAGE_STANDARD = gnu99;
				GCC_WARN_64_TO_32_BIT_CONVERSION = YES;
				GCC_WARN_ABOUT_RETURN_TYPE = YES_ERROR;
				GCC_WARN_UNDECLARED_SELECTOR = YES;
				GCC_WARN_UNINITIALIZED_AUTOS = YES_AGGRESSIVE;
				GCC_WARN_UNUSED_FUNCTION = YES;
				GCC_WARN_UNUSED_VARIABLE = YES;
				IPHONEOS_DEPLOYMENT_TARGET = 8.1;
				MTL_ENABLE_DEBUG_INFO = NO;
				SDKROOT = iphoneos;
				VALIDATE_PRODUCT = YES;
			};
			name = Release;
		};
		F3A8F6951A9307210024C081 /* Debug */ = {
			isa = XCBuildConfiguration;
			buildSettings = {
				ASSETCATALOG_COMPILER_APPICON_NAME = AppIcon;
				INFOPLIST_FILE = "fake-mailbox/Info.plist";
				LD_RUNPATH_SEARCH_PATHS = "$(inherited) @executable_path/Frameworks";
				PRODUCT_NAME = "$(TARGET_NAME)";
			};
			name = Debug;
		};
		F3A8F6961A9307210024C081 /* Release */ = {
			isa = XCBuildConfiguration;
			buildSettings = {
				ASSETCATALOG_COMPILER_APPICON_NAME = AppIcon;
				INFOPLIST_FILE = "fake-mailbox/Info.plist";
				LD_RUNPATH_SEARCH_PATHS = "$(inherited) @executable_path/Frameworks";
				PRODUCT_NAME = "$(TARGET_NAME)";
			};
			name = Release;
		};
		F3A8F6981A9307210024C081 /* Debug */ = {
			isa = XCBuildConfiguration;
			buildSettings = {
				BUNDLE_LOADER = "$(TEST_HOST)";
				FRAMEWORK_SEARCH_PATHS = (
					"$(SDKROOT)/Developer/Library/Frameworks",
					"$(inherited)",
				);
				GCC_PREPROCESSOR_DEFINITIONS = (
					"DEBUG=1",
					"$(inherited)",
				);
				INFOPLIST_FILE = "fake-mailboxTests/Info.plist";
				LD_RUNPATH_SEARCH_PATHS = "$(inherited) @executable_path/Frameworks @loader_path/Frameworks";
				PRODUCT_NAME = "$(TARGET_NAME)";
				TEST_HOST = "$(BUILT_PRODUCTS_DIR)/fake-mailbox.app/fake-mailbox";
			};
			name = Debug;
		};
		F3A8F6991A9307210024C081 /* Release */ = {
			isa = XCBuildConfiguration;
			buildSettings = {
				BUNDLE_LOADER = "$(TEST_HOST)";
				FRAMEWORK_SEARCH_PATHS = (
					"$(SDKROOT)/Developer/Library/Frameworks",
					"$(inherited)",
				);
				INFOPLIST_FILE = "fake-mailboxTests/Info.plist";
				LD_RUNPATH_SEARCH_PATHS = "$(inherited) @executable_path/Frameworks @loader_path/Frameworks";
				PRODUCT_NAME = "$(TARGET_NAME)";
				TEST_HOST = "$(BUILT_PRODUCTS_DIR)/fake-mailbox.app/fake-mailbox";
			};
			name = Release;
		};
/* End XCBuildConfiguration section */

/* Begin XCConfigurationList section */
		F3A8F6701A9307210024C081 /* Build configuration list for PBXProject "fake-mailbox" */ = {
			isa = XCConfigurationList;
			buildConfigurations = (
				F3A8F6921A9307210024C081 /* Debug */,
				F3A8F6931A9307210024C081 /* Release */,
			);
			defaultConfigurationIsVisible = 0;
			defaultConfigurationName = Release;
		};
		F3A8F6941A9307210024C081 /* Build configuration list for PBXNativeTarget "fake-mailbox" */ = {
			isa = XCConfigurationList;
			buildConfigurations = (
				F3A8F6951A9307210024C081 /* Debug */,
				F3A8F6961A9307210024C081 /* Release */,
			);
			defaultConfigurationIsVisible = 0;
		};
		F3A8F6971A9307210024C081 /* Build configuration list for PBXNativeTarget "fake-mailboxTests" */ = {
			isa = XCConfigurationList;
			buildConfigurations = (
				F3A8F6981A9307210024C081 /* Debug */,
				F3A8F6991A9307210024C081 /* Release */,
			);
			defaultConfigurationIsVisible = 0;
		};
/* End XCConfigurationList section */
	};
	rootObject = F3A8F66D1A9307210024C081 /* Project object */;
}
